{
  "name": "chrome-open-page-blocker",
  "version": "1.0.0",
  "lockfileVersion": 3,
  "requires": true,
  "packages": {
    "": {
      "name": "chrome-open-page-blocker",
      "version": "1.0.0",
      "license": "MIT",
      "devDependencies": {
        "chrome-types": "^0.1.358",
        "typescript": "^5.8.3"
      }
    },
    "node_modules/chrome-types": {
      "version": "0.1.358",
      "resolved": "https://registry.npmjs.org/chrome-types/-/chrome-types-0.1.358.tgz",
      "integrity": "sha512-KCbRpZFdYupaAcT6qX7+IHNDjm8LXzyCyeCqPi2Ij6RFnPbn5y433H/Zl5Dy2cCwmnHBLLfiMr4sNH+HwPm5eg==",
      "dev": true,
      "license": "Apache-2.0"
    },
    "node_modules/typescript": {
      "version": "5.8.3",
      "resolved": "https://registry.npmjs.org/typescript/-/typescript-5.8.3.tgz",
      "integrity": "sha512-p1diW6TqL9L07nNxvRMM7hMMw4c5XOo/1ibL4aAIGmSAt9slTE1Xgw5KWuof2uTOvCg9BY7ZRi+GaF+7sfgPeQ==",
      "dev": true,
      "license": "Apache-2.0",
      "bin": {
        "tsc": "bin/tsc",
        "tsserver": "bin/tsserver"
      },
      "engines": {
        "node": ">=14.17"
      }
    }
  }
}
